<?xml version="1.0" encoding="utf-8"?>
<Project ToolsVersion="4.0" xmlns="http://schemas.microsoft.com/developer/msbuild/2003">
  <ItemGroup>
    <ClCompile Include="main.cpp" />
    <ClCompile Include="GameBase\Application.cpp">
      <Filter>GameBase</Filter>
    </ClCompile>
    <ClCompile Include="GameBase\Window.cpp">
      <Filter>GameBase</Filter>
    </ClCompile>
    <ClCompile Include="GameBase\Game.cpp">
      <Filter>GameBase</Filter>
    </ClCompile>
    <ClCompile Include="Helpers\HighResolutionClock.cpp">
      <Filter>Helpers</Filter>
    </ClCompile>
    <ClCompile Include="GameCode\EndlessTanksGame.cpp">
      <Filter>GameCode</Filter>
    </ClCompile>
  </ItemGroup>
  <ItemGroup>
    <Filter Include="GameCode">
      <UniqueIdentifier>{0f87b105-397a-4642-b59d-4d4c87919047}</UniqueIdentifier>
    </Filter>
    <Filter Include="GameBase">
      <UniqueIdentifier>{3d10360a-a76f-44fc-8703-fea525748376}</UniqueIdentifier>
    </Filter>
    <Filter Include="Helpers">
      <UniqueIdentifier>{22e3ae06-ee13-47d1-92b2-464014cdc9a4}</UniqueIdentifier>
    </Filter>
  </ItemGroup>
  <ItemGroup>
    <ClInclude Include="Helpers\Events.hpp">
      <Filter>Helpers</Filter>
    </ClInclude>
    <ClInclude Include="Helpers\KeyCodes.hpp">
      <Filter>Helpers</Filter>
    </ClInclude>
    <ClInclude Include="Helpers\Helpers.hpp">
      <Filter>Helpers</Filter>
    </ClInclude>
    <ClInclude Include="GameBase\Application.hpp">
      <Filter>GameBase</Filter>
    </ClInclude>
    <ClInclude Include="GameBase\Window.hpp">
      <Filter>GameBase</Filter>
    </ClInclude>
    <ClInclude Include="GameBase\Game.hpp">
      <Filter>GameBase</Filter>
    </ClInclude>
    <ClInclude Include="Helpers\D2D1LibPCH.hpp">
      <Filter>Helpers</Filter>
    </ClInclude>
    <ClInclude Include="Helpers\HighResolutionClock.hpp">
      <Filter>Helpers</Filter>
    </ClInclude>
    <ClInclude Include="GameCode\EndlessTanksGame.hpp">
      <Filter>GameCode</Filter>
    </ClInclude>
  </ItemGroup>
</Project>